
Microsoft Visual Studio Solution File, Format Version 12.00
# Visual Studio Version 17
VisualStudioVersion = 17.2.32616.157
MinimumVisualStudioVersion = 10.0.40219.1
Project("{FAE04EC0-301F-11D3-BF4B-00C04F79EFBC}") = "MetodosyObjetos", "MetodosyObjetos.csproj", "{A2D68085-2318-4E34-AFF7-4E615CF6CBD3}"
EndProject
Global
	GlobalSection(SolutionConfigurationPlatforms) = preSolution
		Debug|Any CPU = Debug|Any CPU
		Release|Any CPU = Release|Any CPU
	EndGlobalSection
	GlobalSection(ProjectConfigurationPlatforms) = postSolution
		{A2D68085-2318-4E34-AFF7-4E615CF6CBD3}.Debug|Any CPU.ActiveCfg = Debug|Any CPU
		{A2D68085-2318-4E34-AFF7-4E615CF6CBD3}.Debug|Any CPU.Build.0 = Debug|Any CPU
		{A2D68085-2318-4E34-AFF7-4E615CF6CBD3}.Release|Any CPU.ActiveCfg = Release|Any CPU
		{A2D68085-2318-4E34-AFF7-4E615CF6CBD3}.Release|Any CPU.Build.0 = Release|Any CPU
	EndGlobalSection
	GlobalSection(SolutionProperties) = preSolution
		HideSolutionNode = FALSE
	EndGlobalSection
	GlobalSection(ExtensibilityGlobals) = postSolution
		SolutionGuid = {40668499-F4B2-4E75-992C-DF01794D9157}
	EndGlobalSection
EndGlobal
