
Microsoft Visual Studio Solution File, Format Version 12.00
# Visual Studio Version 17
VisualStudioVersion = 17.2.32630.192
MinimumVisualStudioVersion = 10.0.40219.1
Project("{FAE04EC0-301F-11D3-BF4B-00C04F79EFBC}") = "SortyComplejidad", "SortyComplejidad.csproj", "{EA1D1185-B58E-445D-82A8-6CE8193EC9C6}"
EndProject
Global
	GlobalSection(SolutionConfigurationPlatforms) = preSolution
		Debug|Any CPU = Debug|Any CPU
		Release|Any CPU = Release|Any CPU
	EndGlobalSection
	GlobalSection(ProjectConfigurationPlatforms) = postSolution
		{EA1D1185-B58E-445D-82A8-6CE8193EC9C6}.Debug|Any CPU.ActiveCfg = Debug|Any CPU
		{EA1D1185-B58E-445D-82A8-6CE8193EC9C6}.Debug|Any CPU.Build.0 = Debug|Any CPU
		{EA1D1185-B58E-445D-82A8-6CE8193EC9C6}.Release|Any CPU.ActiveCfg = Release|Any CPU
		{EA1D1185-B58E-445D-82A8-6CE8193EC9C6}.Release|Any CPU.Build.0 = Release|Any CPU
	EndGlobalSection
	GlobalSection(SolutionProperties) = preSolution
		HideSolutionNode = FALSE
	EndGlobalSection
	GlobalSection(ExtensibilityGlobals) = postSolution
		SolutionGuid = {5CD10CE8-60AB-4CA0-8F82-3C70D7DD3116}
	EndGlobalSection
EndGlobal
