
Microsoft Visual Studio Solution File, Format Version 12.00
# Visual Studio Version 17
VisualStudioVersion = 17.2.32630.192
MinimumVisualStudioVersion = 10.0.40219.1
Project("{FAE04EC0-301F-11D3-BF4B-00C04F79EFBC}") = "ClasesyObjetos3", "ClasesyObjetos3.csproj", "{4F045E33-2EAD-45D0-B5C1-28B73C00C839}"
EndProject
Global
	GlobalSection(SolutionConfigurationPlatforms) = preSolution
		Debug|Any CPU = Debug|Any CPU
		Release|Any CPU = Release|Any CPU
	EndGlobalSection
	GlobalSection(ProjectConfigurationPlatforms) = postSolution
		{4F045E33-2EAD-45D0-B5C1-28B73C00C839}.Debug|Any CPU.ActiveCfg = Debug|Any CPU
		{4F045E33-2EAD-45D0-B5C1-28B73C00C839}.Debug|Any CPU.Build.0 = Debug|Any CPU
		{4F045E33-2EAD-45D0-B5C1-28B73C00C839}.Release|Any CPU.ActiveCfg = Release|Any CPU
		{4F045E33-2EAD-45D0-B5C1-28B73C00C839}.Release|Any CPU.Build.0 = Release|Any CPU
	EndGlobalSection
	GlobalSection(SolutionProperties) = preSolution
		HideSolutionNode = FALSE
	EndGlobalSection
	GlobalSection(ExtensibilityGlobals) = postSolution
		SolutionGuid = {A576C7F3-2D8E-4EA4-9095-9DF09DE73698}
	EndGlobalSection
EndGlobal
