
Microsoft Visual Studio Solution File, Format Version 12.00
# Visual Studio Version 17
VisualStudioVersion = 17.2.32616.157
MinimumVisualStudioVersion = 10.0.40219.1
Project("{FAE04EC0-301F-11D3-BF4B-00C04F79EFBC}") = "Cadenas y arrays parte 1", "Cadenas y arrays parte 1.csproj", "{7F521B52-47D2-43AD-9B39-6ADCD5C2A013}"
EndProject
Global
	GlobalSection(SolutionConfigurationPlatforms) = preSolution
		Debug|Any CPU = Debug|Any CPU
		Release|Any CPU = Release|Any CPU
	EndGlobalSection
	GlobalSection(ProjectConfigurationPlatforms) = postSolution
		{7F521B52-47D2-43AD-9B39-6ADCD5C2A013}.Debug|Any CPU.ActiveCfg = Debug|Any CPU
		{7F521B52-47D2-43AD-9B39-6ADCD5C2A013}.Debug|Any CPU.Build.0 = Debug|Any CPU
		{7F521B52-47D2-43AD-9B39-6ADCD5C2A013}.Release|Any CPU.ActiveCfg = Release|Any CPU
		{7F521B52-47D2-43AD-9B39-6ADCD5C2A013}.Release|Any CPU.Build.0 = Release|Any CPU
	EndGlobalSection
	GlobalSection(SolutionProperties) = preSolution
		HideSolutionNode = FALSE
	EndGlobalSection
	GlobalSection(ExtensibilityGlobals) = postSolution
		SolutionGuid = {7A5A0727-FFAD-4C1C-B255-4261A490EAEF}
	EndGlobalSection
EndGlobal
