
Microsoft Visual Studio Solution File, Format Version 12.00
# Visual Studio Version 17
VisualStudioVersion = 17.2.32616.157
MinimumVisualStudioVersion = 10.0.40219.1
Project("{FAE04EC0-301F-11D3-BF4B-00C04F79EFBC}") = "Variables", "Variables.csproj", "{762738F1-E4CA-4892-B051-D849EA03A6E4}"
EndProject
Global
	GlobalSection(SolutionConfigurationPlatforms) = preSolution
		Debug|Any CPU = Debug|Any CPU
		Release|Any CPU = Release|Any CPU
	EndGlobalSection
	GlobalSection(ProjectConfigurationPlatforms) = postSolution
		{762738F1-E4CA-4892-B051-D849EA03A6E4}.Debug|Any CPU.ActiveCfg = Debug|Any CPU
		{762738F1-E4CA-4892-B051-D849EA03A6E4}.Debug|Any CPU.Build.0 = Debug|Any CPU
		{762738F1-E4CA-4892-B051-D849EA03A6E4}.Release|Any CPU.ActiveCfg = Release|Any CPU
		{762738F1-E4CA-4892-B051-D849EA03A6E4}.Release|Any CPU.Build.0 = Release|Any CPU
	EndGlobalSection
	GlobalSection(SolutionProperties) = preSolution
		HideSolutionNode = FALSE
	EndGlobalSection
	GlobalSection(ExtensibilityGlobals) = postSolution
		SolutionGuid = {66493AA5-6FEA-45A9-A75B-9D49E16C4FEF}
	EndGlobalSection
EndGlobal
