
Microsoft Visual Studio Solution File, Format Version 12.00
# Visual Studio Version 17
VisualStudioVersion = 17.3.32819.101
MinimumVisualStudioVersion = 10.0.40219.1
Project("{FAE04EC0-301F-11D3-BF4B-00C04F79EFBC}") = "Patrones de diseño", "Patrones de diseño.csproj", "{7CDEF846-47B9-4531-ABC1-DB0AEDD06EAE}"
EndProject
Global
	GlobalSection(SolutionConfigurationPlatforms) = preSolution
		Debug|Any CPU = Debug|Any CPU
		Release|Any CPU = Release|Any CPU
	EndGlobalSection
	GlobalSection(ProjectConfigurationPlatforms) = postSolution
		{7CDEF846-47B9-4531-ABC1-DB0AEDD06EAE}.Debug|Any CPU.ActiveCfg = Debug|Any CPU
		{7CDEF846-47B9-4531-ABC1-DB0AEDD06EAE}.Debug|Any CPU.Build.0 = Debug|Any CPU
		{7CDEF846-47B9-4531-ABC1-DB0AEDD06EAE}.Release|Any CPU.ActiveCfg = Release|Any CPU
		{7CDEF846-47B9-4531-ABC1-DB0AEDD06EAE}.Release|Any CPU.Build.0 = Release|Any CPU
	EndGlobalSection
	GlobalSection(SolutionProperties) = preSolution
		HideSolutionNode = FALSE
	EndGlobalSection
	GlobalSection(ExtensibilityGlobals) = postSolution
		SolutionGuid = {277DDF47-67F6-46D2-9420-BF55AB841271}
	EndGlobalSection
EndGlobal
