
Microsoft Visual Studio Solution File, Format Version 12.00
# Visual Studio Version 17
VisualStudioVersion = 17.2.32616.157
MinimumVisualStudioVersion = 10.0.40219.1
Project("{FAE04EC0-301F-11D3-BF4B-00C04F79EFBC}") = "Operadores", "Operadores.csproj", "{192054A2-6D63-420B-B714-43256D123F54}"
EndProject
Global
	GlobalSection(SolutionConfigurationPlatforms) = preSolution
		Debug|Any CPU = Debug|Any CPU
		Release|Any CPU = Release|Any CPU
	EndGlobalSection
	GlobalSection(ProjectConfigurationPlatforms) = postSolution
		{192054A2-6D63-420B-B714-43256D123F54}.Debug|Any CPU.ActiveCfg = Debug|Any CPU
		{192054A2-6D63-420B-B714-43256D123F54}.Debug|Any CPU.Build.0 = Debug|Any CPU
		{192054A2-6D63-420B-B714-43256D123F54}.Release|Any CPU.ActiveCfg = Release|Any CPU
		{192054A2-6D63-420B-B714-43256D123F54}.Release|Any CPU.Build.0 = Release|Any CPU
	EndGlobalSection
	GlobalSection(SolutionProperties) = preSolution
		HideSolutionNode = FALSE
	EndGlobalSection
	GlobalSection(ExtensibilityGlobals) = postSolution
		SolutionGuid = {2F52D897-BBC8-4942-B4B8-387B4EEAA036}
	EndGlobalSection
EndGlobal
