
Microsoft Visual Studio Solution File, Format Version 12.00
# Visual Studio Version 17
VisualStudioVersion = 17.2.32616.157
MinimumVisualStudioVersion = 10.0.40219.1
Project("{FAE04EC0-301F-11D3-BF4B-00C04F79EFBC}") = "Funciones y metodos 1", "Funciones y metodos 1.csproj", "{8F79A14E-FBD5-4DCE-93E5-3C569BF03BF5}"
EndProject
Global
	GlobalSection(SolutionConfigurationPlatforms) = preSolution
		Debug|Any CPU = Debug|Any CPU
		Release|Any CPU = Release|Any CPU
	EndGlobalSection
	GlobalSection(ProjectConfigurationPlatforms) = postSolution
		{8F79A14E-FBD5-4DCE-93E5-3C569BF03BF5}.Debug|Any CPU.ActiveCfg = Debug|Any CPU
		{8F79A14E-FBD5-4DCE-93E5-3C569BF03BF5}.Debug|Any CPU.Build.0 = Debug|Any CPU
		{8F79A14E-FBD5-4DCE-93E5-3C569BF03BF5}.Release|Any CPU.ActiveCfg = Release|Any CPU
		{8F79A14E-FBD5-4DCE-93E5-3C569BF03BF5}.Release|Any CPU.Build.0 = Release|Any CPU
	EndGlobalSection
	GlobalSection(SolutionProperties) = preSolution
		HideSolutionNode = FALSE
	EndGlobalSection
	GlobalSection(ExtensibilityGlobals) = postSolution
		SolutionGuid = {3A431AF1-7968-4D38-B8FE-802793BD0A11}
	EndGlobalSection
EndGlobal
