
Microsoft Visual Studio Solution File, Format Version 12.00
# Visual Studio Version 17
VisualStudioVersion = 17.2.32616.157
MinimumVisualStudioVersion = 10.0.40219.1
Project("{FAE04EC0-301F-11D3-BF4B-00C04F79EFBC}") = "Hola Mundo", "Hola Mundo.csproj", "{B0576150-896C-4037-804D-3F7790F6F6EA}"
EndProject
Global
	GlobalSection(SolutionConfigurationPlatforms) = preSolution
		Debug|Any CPU = Debug|Any CPU
		Release|Any CPU = Release|Any CPU
	EndGlobalSection
	GlobalSection(ProjectConfigurationPlatforms) = postSolution
		{B0576150-896C-4037-804D-3F7790F6F6EA}.Debug|Any CPU.ActiveCfg = Debug|Any CPU
		{B0576150-896C-4037-804D-3F7790F6F6EA}.Debug|Any CPU.Build.0 = Debug|Any CPU
		{B0576150-896C-4037-804D-3F7790F6F6EA}.Release|Any CPU.ActiveCfg = Release|Any CPU
		{B0576150-896C-4037-804D-3F7790F6F6EA}.Release|Any CPU.Build.0 = Release|Any CPU
	EndGlobalSection
	GlobalSection(SolutionProperties) = preSolution
		HideSolutionNode = FALSE
	EndGlobalSection
	GlobalSection(ExtensibilityGlobals) = postSolution
		SolutionGuid = {35C38342-5BB4-435B-AE88-39667E099380}
	EndGlobalSection
EndGlobal
