
Microsoft Visual Studio Solution File, Format Version 12.00
# Visual Studio Version 17
VisualStudioVersion = 17.2.32630.192
MinimumVisualStudioVersion = 10.0.40219.1
Project("{FAE04EC0-301F-11D3-BF4B-00C04F79EFBC}") = "Matrices", "Matrices.csproj", "{260CFF72-CC35-4275-AF76-8BBAA0B367ED}"
EndProject
Global
	GlobalSection(SolutionConfigurationPlatforms) = preSolution
		Debug|Any CPU = Debug|Any CPU
		Release|Any CPU = Release|Any CPU
	EndGlobalSection
	GlobalSection(ProjectConfigurationPlatforms) = postSolution
		{260CFF72-CC35-4275-AF76-8BBAA0B367ED}.Debug|Any CPU.ActiveCfg = Debug|Any CPU
		{260CFF72-CC35-4275-AF76-8BBAA0B367ED}.Debug|Any CPU.Build.0 = Debug|Any CPU
		{260CFF72-CC35-4275-AF76-8BBAA0B367ED}.Release|Any CPU.ActiveCfg = Release|Any CPU
		{260CFF72-CC35-4275-AF76-8BBAA0B367ED}.Release|Any CPU.Build.0 = Release|Any CPU
	EndGlobalSection
	GlobalSection(SolutionProperties) = preSolution
		HideSolutionNode = FALSE
	EndGlobalSection
	GlobalSection(ExtensibilityGlobals) = postSolution
		SolutionGuid = {AFDBB0B7-5814-42F2-9450-48B9839AED46}
	EndGlobalSection
EndGlobal
