
Microsoft Visual Studio Solution File, Format Version 12.00
# Visual Studio Version 17
VisualStudioVersion = 17.2.32616.157
MinimumVisualStudioVersion = 10.0.40219.1
Project("{FAE04EC0-301F-11D3-BF4B-00C04F79EFBC}") = "CadenasyArrays", "CadenasyArrays.csproj", "{DD5843BF-2384-4F17-9D42-C1E7B9366ACC}"
EndProject
Global
	GlobalSection(SolutionConfigurationPlatforms) = preSolution
		Debug|Any CPU = Debug|Any CPU
		Release|Any CPU = Release|Any CPU
	EndGlobalSection
	GlobalSection(ProjectConfigurationPlatforms) = postSolution
		{DD5843BF-2384-4F17-9D42-C1E7B9366ACC}.Debug|Any CPU.ActiveCfg = Debug|Any CPU
		{DD5843BF-2384-4F17-9D42-C1E7B9366ACC}.Debug|Any CPU.Build.0 = Debug|Any CPU
		{DD5843BF-2384-4F17-9D42-C1E7B9366ACC}.Release|Any CPU.ActiveCfg = Release|Any CPU
		{DD5843BF-2384-4F17-9D42-C1E7B9366ACC}.Release|Any CPU.Build.0 = Release|Any CPU
	EndGlobalSection
	GlobalSection(SolutionProperties) = preSolution
		HideSolutionNode = FALSE
	EndGlobalSection
	GlobalSection(ExtensibilityGlobals) = postSolution
		SolutionGuid = {98A0956A-510B-4DE4-956E-5F873901BDFA}
	EndGlobalSection
EndGlobal
