
Microsoft Visual Studio Solution File, Format Version 12.00
# Visual Studio Version 17
VisualStudioVersion = 17.2.32616.157
MinimumVisualStudioVersion = 10.0.40219.1
Project("{FAE04EC0-301F-11D3-BF4B-00C04F79EFBC}") = "Variables", "Variables.csproj", "{220A54FE-9FBD-4911-9D96-B5A8FE863476}"
EndProject
Global
	GlobalSection(SolutionConfigurationPlatforms) = preSolution
		Debug|Any CPU = Debug|Any CPU
		Release|Any CPU = Release|Any CPU
	EndGlobalSection
	GlobalSection(ProjectConfigurationPlatforms) = postSolution
		{220A54FE-9FBD-4911-9D96-B5A8FE863476}.Debug|Any CPU.ActiveCfg = Debug|Any CPU
		{220A54FE-9FBD-4911-9D96-B5A8FE863476}.Debug|Any CPU.Build.0 = Debug|Any CPU
		{220A54FE-9FBD-4911-9D96-B5A8FE863476}.Release|Any CPU.ActiveCfg = Release|Any CPU
		{220A54FE-9FBD-4911-9D96-B5A8FE863476}.Release|Any CPU.Build.0 = Release|Any CPU
	EndGlobalSection
	GlobalSection(SolutionProperties) = preSolution
		HideSolutionNode = FALSE
	EndGlobalSection
	GlobalSection(ExtensibilityGlobals) = postSolution
		SolutionGuid = {73C2EA59-0E7A-4B61-A5C2-6E16C4CA89EB}
	EndGlobalSection
EndGlobal
