
Microsoft Visual Studio Solution File, Format Version 12.00
# Visual Studio Version 17
VisualStudioVersion = 17.3.32819.101
MinimumVisualStudioVersion = 10.0.40219.1
Project("{FAE04EC0-301F-11D3-BF4B-00C04F79EFBC}") = "SINTAXIS_BASICA1", "SINTAXIS_BASICA1\SINTAXIS_BASICA1.csproj", "{B0EC2218-061E-4DA9-B00D-29593CCCCD7B}"
EndProject
Global
	GlobalSection(SolutionConfigurationPlatforms) = preSolution
		Debug|Any CPU = Debug|Any CPU
		Release|Any CPU = Release|Any CPU
	EndGlobalSection
	GlobalSection(ProjectConfigurationPlatforms) = postSolution
		{B0EC2218-061E-4DA9-B00D-29593CCCCD7B}.Debug|Any CPU.ActiveCfg = Debug|Any CPU
		{B0EC2218-061E-4DA9-B00D-29593CCCCD7B}.Debug|Any CPU.Build.0 = Debug|Any CPU
		{B0EC2218-061E-4DA9-B00D-29593CCCCD7B}.Release|Any CPU.ActiveCfg = Release|Any CPU
		{B0EC2218-061E-4DA9-B00D-29593CCCCD7B}.Release|Any CPU.Build.0 = Release|Any CPU
	EndGlobalSection
	GlobalSection(SolutionProperties) = preSolution
		HideSolutionNode = FALSE
	EndGlobalSection
	GlobalSection(ExtensibilityGlobals) = postSolution
		SolutionGuid = {60BF6D5F-AFD6-4FD2-9F30-1BB799366F79}
	EndGlobalSection
EndGlobal
